
Microsoft Visual Studio Solution File, Format Version 12.00
# Visual Studio Version 17
VisualStudioVersion = 17.4.33213.308
MinimumVisualStudioVersion = 10.0.40219.1
Project("{FAE04EC0-301F-11D3-BF4B-00C04F79EFBC}") = "SalesWebMvc", "SalesWebMvc\SalesWebMvc.csproj", "{7C340263-FFD7-47EA-AD7B-8D1086EC00EA}"
EndProject
Global
	GlobalSection(SolutionConfigurationPlatforms) = preSolution
		Debug|Any CPU = Debug|Any CPU
		Release|Any CPU = Release|Any CPU
	EndGlobalSection
	GlobalSection(ProjectConfigurationPlatforms) = postSolution
		{7C340263-FFD7-47EA-AD7B-8D1086EC00EA}.Debug|Any CPU.ActiveCfg = Debug|Any CPU
		{7C340263-FFD7-47EA-AD7B-8D1086EC00EA}.Debug|Any CPU.Build.0 = Debug|Any CPU
		{7C340263-FFD7-47EA-AD7B-8D1086EC00EA}.Release|Any CPU.ActiveCfg = Release|Any CPU
		{7C340263-FFD7-47EA-AD7B-8D1086EC00EA}.Release|Any CPU.Build.0 = Release|Any CPU
	EndGlobalSection
	GlobalSection(SolutionProperties) = preSolution
		HideSolutionNode = FALSE
	EndGlobalSection
	GlobalSection(ExtensibilityGlobals) = postSolution
		SolutionGuid = {AE2525A0-DDD9-4FC1-97D0-31F3095BADD9}
	EndGlobalSection
EndGlobal
